
Microsoft Visual Studio Solution File, Format Version 12.00
# Visual Studio Version 17
VisualStudioVersion = 17.3.32819.101
MinimumVisualStudioVersion = 10.0.40219.1
Project("{FAE04EC0-301F-11D3-BF4B-00C04F79EFBC}") = "ActionFilterExample", "ActionFilterExample\ActionFilterExample.csproj", "{BA480172-0B89-4906-8D5D-9B47176441EE}"
EndProject
Global
	GlobalSection(SolutionConfigurationPlatforms) = preSolution
		Debug|Any CPU = Debug|Any CPU
		Release|Any CPU = Release|Any CPU
	EndGlobalSection
	GlobalSection(ProjectConfigurationPlatforms) = postSolution
		{BA480172-0B89-4906-8D5D-9B47176441EE}.Debug|Any CPU.ActiveCfg = Debug|Any CPU
		{BA480172-0B89-4906-8D5D-9B47176441EE}.Debug|Any CPU.Build.0 = Debug|Any CPU
		{BA480172-0B89-4906-8D5D-9B47176441EE}.Release|Any CPU.ActiveCfg = Release|Any CPU
		{BA480172-0B89-4906-8D5D-9B47176441EE}.Release|Any CPU.Build.0 = Release|Any CPU
	EndGlobalSection
	GlobalSection(SolutionProperties) = preSolution
		HideSolutionNode = FALSE
	EndGlobalSection
	GlobalSection(ExtensibilityGlobals) = postSolution
		SolutionGuid = {E8494943-135C-40EB-947C-18282452D115}
	EndGlobalSection
EndGlobal
